
Microsoft Visual Studio Solution File, Format Version 12.00
# Visual Studio 15
VisualStudioVersion = 15.0.26730.12
MinimumVisualStudioVersion = 10.0.40219.1
Project("{FAE04EC0-301F-11D3-BF4B-00C04F79EFBC}") = "Les1_AppDev_EersteOefening.Android", "Les1_AppDev_EersteOefening\Les1_AppDev_EersteOefening.Android\Les1_AppDev_EersteOefening.Android.csproj", "{ECA15C69-4A82-431A-8251-CD9188CB534B}"
EndProject
Project("{FAE04EC0-301F-11D3-BF4B-00C04F79EFBC}") = "Les1_AppDev_EersteOefening", "Les1_AppDev_EersteOefening\Les1_AppDev_EersteOefening\Les1_AppDev_EersteOefening.csproj", "{EF26C040-D8FE-4598-8BED-1026CCEB5FBB}"
EndProject
Project("{FAE04EC0-301F-11D3-BF4B-00C04F79EFBC}") = "Les1_AppDev_EersteOefening.iOS", "Les1_AppDev_EersteOefening\Les1_AppDev_EersteOefening.iOS\Les1_AppDev_EersteOefening.iOS.csproj", "{A42851EE-2B30-4D2E-90AD-E4E3DA75441B}"
EndProject
Global
	GlobalSection(SolutionConfigurationPlatforms) = preSolution
		Ad-Hoc|Any CPU = Ad-Hoc|Any CPU
		Ad-Hoc|iPhone = Ad-Hoc|iPhone
		Ad-Hoc|iPhoneSimulator = Ad-Hoc|iPhoneSimulator
		AppStore|Any CPU = AppStore|Any CPU
		AppStore|iPhone = AppStore|iPhone
		AppStore|iPhoneSimulator = AppStore|iPhoneSimulator
		Debug|Any CPU = Debug|Any CPU
		Debug|iPhone = Debug|iPhone
		Debug|iPhoneSimulator = Debug|iPhoneSimulator
		Release|Any CPU = Release|Any CPU
		Release|iPhone = Release|iPhone
		Release|iPhoneSimulator = Release|iPhoneSimulator
	EndGlobalSection
	GlobalSection(ProjectConfigurationPlatforms) = postSolution
		{ECA15C69-4A82-431A-8251-CD9188CB534B}.Ad-Hoc|Any CPU.ActiveCfg = Release|Any CPU
		{ECA15C69-4A82-431A-8251-CD9188CB534B}.Ad-Hoc|Any CPU.Build.0 = Release|Any CPU
		{ECA15C69-4A82-431A-8251-CD9188CB534B}.Ad-Hoc|Any CPU.Deploy.0 = Release|Any CPU
		{ECA15C69-4A82-431A-8251-CD9188CB534B}.Ad-Hoc|iPhone.ActiveCfg = Release|Any CPU
		{ECA15C69-4A82-431A-8251-CD9188CB534B}.Ad-Hoc|iPhone.Build.0 = Release|Any CPU
		{ECA15C69-4A82-431A-8251-CD9188CB534B}.Ad-Hoc|iPhone.Deploy.0 = Release|Any CPU
		{ECA15C69-4A82-431A-8251-CD9188CB534B}.Ad-Hoc|iPhoneSimulator.ActiveCfg = Release|Any CPU
		{ECA15C69-4A82-431A-8251-CD9188CB534B}.Ad-Hoc|iPhoneSimulator.Build.0 = Release|Any CPU
		{ECA15C69-4A82-431A-8251-CD9188CB534B}.Ad-Hoc|iPhoneSimulator.Deploy.0 = Release|Any CPU
		{ECA15C69-4A82-431A-8251-CD9188CB534B}.AppStore|Any CPU.ActiveCfg = Release|Any CPU
		{ECA15C69-4A82-431A-8251-CD9188CB534B}.AppStore|Any CPU.Build.0 = Release|Any CPU
		{ECA15C69-4A82-431A-8251-CD9188CB534B}.AppStore|Any CPU.Deploy.0 = Release|Any CPU
		{ECA15C69-4A82-431A-8251-CD9188CB534B}.AppStore|iPhone.ActiveCfg = Release|Any CPU
		{ECA15C69-4A82-431A-8251-CD9188CB534B}.AppStore|iPhone.Build.0 = Release|Any CPU
		{ECA15C69-4A82-431A-8251-CD9188CB534B}.AppStore|iPhone.Deploy.0 = Release|Any CPU
		{ECA15C69-4A82-431A-8251-CD9188CB534B}.AppStore|iPhoneSimulator.ActiveCfg = Release|Any CPU
		{ECA15C69-4A82-431A-8251-CD9188CB534B}.AppStore|iPhoneSimulator.Build.0 = Release|Any CPU
		{ECA15C69-4A82-431A-8251-CD9188CB534B}.AppStore|iPhoneSimulator.Deploy.0 = Release|Any CPU
		{ECA15C69-4A82-431A-8251-CD9188CB534B}.Debug|Any CPU.ActiveCfg = Debug|Any CPU
		{ECA15C69-4A82-431A-8251-CD9188CB534B}.Debug|Any CPU.Build.0 = Debug|Any CPU
		{ECA15C69-4A82-431A-8251-CD9188CB534B}.Debug|Any CPU.Deploy.0 = Debug|Any CPU
		{ECA15C69-4A82-431A-8251-CD9188CB534B}.Debug|iPhone.ActiveCfg = Debug|Any CPU
		{ECA15C69-4A82-431A-8251-CD9188CB534B}.Debug|iPhone.Build.0 = Debug|Any CPU
		{ECA15C69-4A82-431A-8251-CD9188CB534B}.Debug|iPhone.Deploy.0 = Debug|Any CPU
		{ECA15C69-4A82-431A-8251-CD9188CB534B}.Debug|iPhoneSimulator.ActiveCfg = Debug|Any CPU
		{ECA15C69-4A82-431A-8251-CD9188CB534B}.Debug|iPhoneSimulator.Build.0 = Debug|Any CPU
		{ECA15C69-4A82-431A-8251-CD9188CB534B}.Debug|iPhoneSimulator.Deploy.0 = Debug|Any CPU
		{ECA15C69-4A82-431A-8251-CD9188CB534B}.Release|Any CPU.ActiveCfg = Release|Any CPU
		{ECA15C69-4A82-431A-8251-CD9188CB534B}.Release|Any CPU.Build.0 = Release|Any CPU
		{ECA15C69-4A82-431A-8251-CD9188CB534B}.Release|Any CPU.Deploy.0 = Release|Any CPU
		{ECA15C69-4A82-431A-8251-CD9188CB534B}.Release|iPhone.ActiveCfg = Release|Any CPU
		{ECA15C69-4A82-431A-8251-CD9188CB534B}.Release|iPhone.Build.0 = Release|Any CPU
		{ECA15C69-4A82-431A-8251-CD9188CB534B}.Release|iPhone.Deploy.0 = Release|Any CPU
		{ECA15C69-4A82-431A-8251-CD9188CB534B}.Release|iPhoneSimulator.ActiveCfg = Release|Any CPU
		{ECA15C69-4A82-431A-8251-CD9188CB534B}.Release|iPhoneSimulator.Build.0 = Release|Any CPU
		{ECA15C69-4A82-431A-8251-CD9188CB534B}.Release|iPhoneSimulator.Deploy.0 = Release|Any CPU
		{EF26C040-D8FE-4598-8BED-1026CCEB5FBB}.Ad-Hoc|Any CPU.ActiveCfg = Release|Any CPU
		{EF26C040-D8FE-4598-8BED-1026CCEB5FBB}.Ad-Hoc|Any CPU.Build.0 = Release|Any CPU
		{EF26C040-D8FE-4598-8BED-1026CCEB5FBB}.Ad-Hoc|iPhone.ActiveCfg = Release|Any CPU
		{EF26C040-D8FE-4598-8BED-1026CCEB5FBB}.Ad-Hoc|iPhone.Build.0 = Release|Any CPU
		{EF26C040-D8FE-4598-8BED-1026CCEB5FBB}.Ad-Hoc|iPhoneSimulator.ActiveCfg = Release|Any CPU
		{EF26C040-D8FE-4598-8BED-1026CCEB5FBB}.Ad-Hoc|iPhoneSimulator.Build.0 = Release|Any CPU
		{EF26C040-D8FE-4598-8BED-1026CCEB5FBB}.AppStore|Any CPU.ActiveCfg = Release|Any CPU
		{EF26C040-D8FE-4598-8BED-1026CCEB5FBB}.AppStore|Any CPU.Build.0 = Release|Any CPU
		{EF26C040-D8FE-4598-8BED-1026CCEB5FBB}.AppStore|iPhone.ActiveCfg = Release|Any CPU
		{EF26C040-D8FE-4598-8BED-1026CCEB5FBB}.AppStore|iPhone.Build.0 = Release|Any CPU
		{EF26C040-D8FE-4598-8BED-1026CCEB5FBB}.AppStore|iPhoneSimulator.ActiveCfg = Release|Any CPU
		{EF26C040-D8FE-4598-8BED-1026CCEB5FBB}.AppStore|iPhoneSimulator.Build.0 = Release|Any CPU
		{EF26C040-D8FE-4598-8BED-1026CCEB5FBB}.Debug|Any CPU.ActiveCfg = Debug|Any CPU
		{EF26C040-D8FE-4598-8BED-1026CCEB5FBB}.Debug|Any CPU.Build.0 = Debug|Any CPU
		{EF26C040-D8FE-4598-8BED-1026CCEB5FBB}.Debug|iPhone.ActiveCfg = Debug|Any CPU
		{EF26C040-D8FE-4598-8BED-1026CCEB5FBB}.Debug|iPhone.Build.0 = Debug|Any CPU
		{EF26C040-D8FE-4598-8BED-1026CCEB5FBB}.Debug|iPhoneSimulator.ActiveCfg = Debug|Any CPU
		{EF26C040-D8FE-4598-8BED-1026CCEB5FBB}.Debug|iPhoneSimulator.Build.0 = Debug|Any CPU
		{EF26C040-D8FE-4598-8BED-1026CCEB5FBB}.Release|Any CPU.ActiveCfg = Release|Any CPU
		{EF26C040-D8FE-4598-8BED-1026CCEB5FBB}.Release|Any CPU.Build.0 = Release|Any CPU
		{EF26C040-D8FE-4598-8BED-1026CCEB5FBB}.Release|iPhone.ActiveCfg = Release|Any CPU
		{EF26C040-D8FE-4598-8BED-1026CCEB5FBB}.Release|iPhone.Build.0 = Release|Any CPU
		{EF26C040-D8FE-4598-8BED-1026CCEB5FBB}.Release|iPhoneSimulator.ActiveCfg = Release|Any CPU
		{EF26C040-D8FE-4598-8BED-1026CCEB5FBB}.Release|iPhoneSimulator.Build.0 = Release|Any CPU
		{A42851EE-2B30-4D2E-90AD-E4E3DA75441B}.Ad-Hoc|Any CPU.ActiveCfg = Ad-Hoc|iPhone
		{A42851EE-2B30-4D2E-90AD-E4E3DA75441B}.Ad-Hoc|iPhone.ActiveCfg = Ad-Hoc|iPhone
		{A42851EE-2B30-4D2E-90AD-E4E3DA75441B}.Ad-Hoc|iPhone.Build.0 = Ad-Hoc|iPhone
		{A42851EE-2B30-4D2E-90AD-E4E3DA75441B}.Ad-Hoc|iPhoneSimulator.ActiveCfg = Ad-Hoc|iPhoneSimulator
		{A42851EE-2B30-4D2E-90AD-E4E3DA75441B}.Ad-Hoc|iPhoneSimulator.Build.0 = Ad-Hoc|iPhoneSimulator
		{A42851EE-2B30-4D2E-90AD-E4E3DA75441B}.AppStore|Any CPU.ActiveCfg = AppStore|iPhone
		{A42851EE-2B30-4D2E-90AD-E4E3DA75441B}.AppStore|iPhone.ActiveCfg = AppStore|iPhone
		{A42851EE-2B30-4D2E-90AD-E4E3DA75441B}.AppStore|iPhone.Build.0 = AppStore|iPhone
		{A42851EE-2B30-4D2E-90AD-E4E3DA75441B}.AppStore|iPhoneSimulator.ActiveCfg = AppStore|iPhoneSimulator
		{A42851EE-2B30-4D2E-90AD-E4E3DA75441B}.AppStore|iPhoneSimulator.Build.0 = AppStore|iPhoneSimulator
		{A42851EE-2B30-4D2E-90AD-E4E3DA75441B}.Debug|Any CPU.ActiveCfg = Debug|iPhone
		{A42851EE-2B30-4D2E-90AD-E4E3DA75441B}.Debug|iPhone.ActiveCfg = Debug|iPhone
		{A42851EE-2B30-4D2E-90AD-E4E3DA75441B}.Debug|iPhone.Build.0 = Debug|iPhone
		{A42851EE-2B30-4D2E-90AD-E4E3DA75441B}.Debug|iPhoneSimulator.ActiveCfg = Debug|iPhoneSimulator
		{A42851EE-2B30-4D2E-90AD-E4E3DA75441B}.Debug|iPhoneSimulator.Build.0 = Debug|iPhoneSimulator
		{A42851EE-2B30-4D2E-90AD-E4E3DA75441B}.Release|Any CPU.ActiveCfg = Release|iPhone
		{A42851EE-2B30-4D2E-90AD-E4E3DA75441B}.Release|iPhone.ActiveCfg = Release|iPhone
		{A42851EE-2B30-4D2E-90AD-E4E3DA75441B}.Release|iPhone.Build.0 = Release|iPhone
		{A42851EE-2B30-4D2E-90AD-E4E3DA75441B}.Release|iPhoneSimulator.ActiveCfg = Release|iPhoneSimulator
		{A42851EE-2B30-4D2E-90AD-E4E3DA75441B}.Release|iPhoneSimulator.Build.0 = Release|iPhoneSimulator
	EndGlobalSection
	GlobalSection(SolutionProperties) = preSolution
		HideSolutionNode = FALSE
	EndGlobalSection
	GlobalSection(ExtensibilityGlobals) = postSolution
		SolutionGuid = {FED917AD-1B19-4EB0-B31A-668DEB1A86F7}
	EndGlobalSection
EndGlobal
