
Microsoft Visual Studio Solution File, Format Version 12.00
# Visual Studio 15
VisualStudioVersion = 15.0.26730.16
MinimumVisualStudioVersion = 10.0.40219.1
Project("{FAE04EC0-301F-11D3-BF4B-00C04F79EFBC}") = "UnitTestApp1", "UnitTestApp1\UnitTestApp1.csproj", "{1DBF1762-F326-4499-9496-C37678FD62DC}"
EndProject
Global
	GlobalSection(SolutionConfigurationPlatforms) = preSolution
		Debug|Any CPU = Debug|Any CPU
		Release|Any CPU = Release|Any CPU
	EndGlobalSection
	GlobalSection(ProjectConfigurationPlatforms) = postSolution
		{1DBF1762-F326-4499-9496-C37678FD62DC}.Debug|Any CPU.ActiveCfg = Debug|Any CPU
		{1DBF1762-F326-4499-9496-C37678FD62DC}.Debug|Any CPU.Build.0 = Debug|Any CPU
		{1DBF1762-F326-4499-9496-C37678FD62DC}.Debug|Any CPU.Deploy.0 = Debug|Any CPU
		{1DBF1762-F326-4499-9496-C37678FD62DC}.Release|Any CPU.ActiveCfg = Release|Any CPU
		{1DBF1762-F326-4499-9496-C37678FD62DC}.Release|Any CPU.Build.0 = Release|Any CPU
		{1DBF1762-F326-4499-9496-C37678FD62DC}.Release|Any CPU.Deploy.0 = Release|Any CPU
	EndGlobalSection
	GlobalSection(SolutionProperties) = preSolution
		HideSolutionNode = FALSE
	EndGlobalSection
	GlobalSection(ExtensibilityGlobals) = postSolution
		SolutionGuid = {A2E606C5-4ADC-4267-A367-F256B31A95CD}
	EndGlobalSection
EndGlobal
