
Microsoft Visual Studio Solution File, Format Version 12.00
# Visual Studio 15
VisualStudioVersion = 15.0.26730.16
MinimumVisualStudioVersion = 10.0.40219.1
Project("{9A19103F-16F7-4668-BE54-9A1E7A4F7556}") = "Bank", "Bank\Bank.csproj", "{1D8F9946-16BF-48C0-9FF7-423D220D9069}"
EndProject
Project("{FAE04EC0-301F-11D3-BF4B-00C04F79EFBC}") = "BankTest", "BankTest\BankTest.csproj", "{6BE038CA-669C-40FE-95F8-93BC967AE81B}"
EndProject
Project("{FAE04EC0-301F-11D3-BF4B-00C04F79EFBC}") = "BankTestAndroid", "BankTestAndroid\BankTestAndroid.csproj", "{17A29E47-D1A5-4F99-94A5-B0A01A901623}"
EndProject
Project("{FAE04EC0-301F-11D3-BF4B-00C04F79EFBC}") = "Yep", "Yep\Yep.csproj", "{22BA2E1B-6AAD-4E07-86D5-D942972A2BD8}"
EndProject
Global
	GlobalSection(SolutionConfigurationPlatforms) = preSolution
		Debug|Any CPU = Debug|Any CPU
		Release|Any CPU = Release|Any CPU
	EndGlobalSection
	GlobalSection(ProjectConfigurationPlatforms) = postSolution
		{1D8F9946-16BF-48C0-9FF7-423D220D9069}.Debug|Any CPU.ActiveCfg = Debug|Any CPU
		{1D8F9946-16BF-48C0-9FF7-423D220D9069}.Debug|Any CPU.Build.0 = Debug|Any CPU
		{1D8F9946-16BF-48C0-9FF7-423D220D9069}.Release|Any CPU.ActiveCfg = Release|Any CPU
		{1D8F9946-16BF-48C0-9FF7-423D220D9069}.Release|Any CPU.Build.0 = Release|Any CPU
		{6BE038CA-669C-40FE-95F8-93BC967AE81B}.Debug|Any CPU.ActiveCfg = Debug|Any CPU
		{6BE038CA-669C-40FE-95F8-93BC967AE81B}.Debug|Any CPU.Build.0 = Debug|Any CPU
		{6BE038CA-669C-40FE-95F8-93BC967AE81B}.Release|Any CPU.ActiveCfg = Release|Any CPU
		{6BE038CA-669C-40FE-95F8-93BC967AE81B}.Release|Any CPU.Build.0 = Release|Any CPU
		{17A29E47-D1A5-4F99-94A5-B0A01A901623}.Debug|Any CPU.ActiveCfg = Debug|Any CPU
		{17A29E47-D1A5-4F99-94A5-B0A01A901623}.Debug|Any CPU.Build.0 = Debug|Any CPU
		{17A29E47-D1A5-4F99-94A5-B0A01A901623}.Debug|Any CPU.Deploy.0 = Debug|Any CPU
		{17A29E47-D1A5-4F99-94A5-B0A01A901623}.Release|Any CPU.ActiveCfg = Release|Any CPU
		{17A29E47-D1A5-4F99-94A5-B0A01A901623}.Release|Any CPU.Build.0 = Release|Any CPU
		{17A29E47-D1A5-4F99-94A5-B0A01A901623}.Release|Any CPU.Deploy.0 = Release|Any CPU
		{22BA2E1B-6AAD-4E07-86D5-D942972A2BD8}.Debug|Any CPU.ActiveCfg = Debug|Any CPU
		{22BA2E1B-6AAD-4E07-86D5-D942972A2BD8}.Debug|Any CPU.Build.0 = Debug|Any CPU
		{22BA2E1B-6AAD-4E07-86D5-D942972A2BD8}.Debug|Any CPU.Deploy.0 = Debug|Any CPU
		{22BA2E1B-6AAD-4E07-86D5-D942972A2BD8}.Release|Any CPU.ActiveCfg = Release|Any CPU
		{22BA2E1B-6AAD-4E07-86D5-D942972A2BD8}.Release|Any CPU.Build.0 = Release|Any CPU
		{22BA2E1B-6AAD-4E07-86D5-D942972A2BD8}.Release|Any CPU.Deploy.0 = Release|Any CPU
	EndGlobalSection
	GlobalSection(SolutionProperties) = preSolution
		HideSolutionNode = FALSE
	EndGlobalSection
	GlobalSection(ExtensibilityGlobals) = postSolution
		SolutionGuid = {3A7EB00C-73F1-48B2-9426-46154D94BD1D}
	EndGlobalSection
EndGlobal
